// !$*UTF8*$!
{
	archiveVersion = 1;
	classes = {
	};
	objectVersion = 46;
	objects = {

/* Begin PBXBuildFile section */
		71DB418C080B3219B1D72474 /* Pods_LXC.framework in Frameworks */ = {isa = PBXBuildFile; fileRef = 8D35BAF3983A3452CE219AD8 /* Pods_LXC.framework */; };
		770089991C9BB4ED00E6BCB9 /* GoodyList.swift in Sources */ = {isa = PBXBuildFile; fileRef = 770089981C9BB4ED00E6BCB9 /* GoodyList.swift */; };
		7700899C1C9BB56400E6BCB9 /* GoodyListCell.swift in Sources */ = {isa = PBXBuildFile; fileRef = 7700899A1C9BB56400E6BCB9 /* GoodyListCell.swift */; };
		7700899D1C9BB56400E6BCB9 /* GoodyListCell.xib in Resources */ = {isa = PBXBuildFile; fileRef = 7700899B1C9BB56400E6BCB9 /* GoodyListCell.xib */; };
		7700899F1C9BDA4900E6BCB9 /* GoodyItem.swift in Sources */ = {isa = PBXBuildFile; fileRef = 7700899E1C9BDA4900E6BCB9 /* GoodyItem.swift */; };
		7710CFA41CF5A86400DD2440 /* ScratchViewOne.swift in Sources */ = {isa = PBXBuildFile; fileRef = 7710CFA31CF5A86400DD2440 /* ScratchViewOne.swift */; };
		771A53871C9BF68D00598BEE /* PhoneContactsList.swift in Sources */ = {isa = PBXBuildFile; fileRef = 771A53851C9BF68D00598BEE /* PhoneContactsList.swift */; };
		771A53881C9BF68D00598BEE /* PhoneContactsList.xib in Resources */ = {isa = PBXBuildFile; fileRef = 771A53861C9BF68D00598BEE /* PhoneContactsList.xib */; };
		771A538B1C9BFDCA00598BEE /* PhoneContactsCell.swift in Sources */ = {isa = PBXBuildFile; fileRef = 771A53891C9BFDCA00598BEE /* PhoneContactsCell.swift */; };
		771A538C1C9BFDCA00598BEE /* PhoneContactsCell.xib in Resources */ = {isa = PBXBuildFile; fileRef = 771A538A1C9BFDCA00598BEE /* PhoneContactsCell.xib */; };
		771AE0F21C8048AE00AAF16F /* VideoPlaybackView.swift in Sources */ = {isa = PBXBuildFile; fileRef = 771AE0F11C8048AE00AAF16F /* VideoPlaybackView.swift */; };
		771F259A1CC4D91200E88260 /* SnowView.swift in Sources */ = {isa = PBXBuildFile; fileRef = 771F25991CC4D91200E88260 /* SnowView.swift */; };
		771F25AC1CC731C700E88260 /* NavBarAndTable.swift in Sources */ = {isa = PBXBuildFile; fileRef = 771F25AB1CC731C700E88260 /* NavBarAndTable.swift */; };
		771F25AF1CC738D100E88260 /* ToolBox.swift in Sources */ = {isa = PBXBuildFile; fileRef = 771F25AE1CC738D100E88260 /* ToolBox.swift */; };
		7721036D1D4A059A00F18546 /* StringObject.swift in Sources */ = {isa = PBXBuildFile; fileRef = 7721036C1D4A059A00F18546 /* StringObject.swift */; };
		772103721D4A09BD00F18546 /* ResponsePosts.swift in Sources */ = {isa = PBXBuildFile; fileRef = 772103711D4A09BD00F18546 /* ResponsePosts.swift */; };
		772103851D4C9FE200F18546 /* LayoutManager.swift in Sources */ = {isa = PBXBuildFile; fileRef = 772103841D4C9FE200F18546 /* LayoutManager.swift */; };
		7721038D1D4CABAE00F18546 /* Extensions+UIView.swift in Sources */ = {isa = PBXBuildFile; fileRef = 7721038C1D4CABAE00F18546 /* Extensions+UIView.swift */; };
		772103A51D4F2AB600F18546 /* TumblrNormalCell.swift in Sources */ = {isa = PBXBuildFile; fileRef = 772103A41D4F2AB600F18546 /* TumblrNormalCell.swift */; };
		772103A71D4F2B4400F18546 /* TumblrImageEntry0.swift in Sources */ = {isa = PBXBuildFile; fileRef = 772103A61D4F2B4400F18546 /* TumblrImageEntry0.swift */; };
		772103A91D4F411D00F18546 /* TumblrNormalLayout.swift in Sources */ = {isa = PBXBuildFile; fileRef = 772103A81D4F411D00F18546 /* TumblrNormalLayout.swift */; };
		772103AB1D4F461000F18546 /* TumblrNameEntry0.swift in Sources */ = {isa = PBXBuildFile; fileRef = 772103AA1D4F461000F18546 /* TumblrNameEntry0.swift */; };
		772103C11D509C7A00F18546 /* TumblrReblogEntry0.swift in Sources */ = {isa = PBXBuildFile; fileRef = 772103C01D509C7900F18546 /* TumblrReblogEntry0.swift */; };
		772103C31D50F7EC00F18546 /* TumblrTextEntry0.swift in Sources */ = {isa = PBXBuildFile; fileRef = 772103C21D50F7EC00F18546 /* TumblrTextEntry0.swift */; };
		772103D31D51E1B400F18546 /* TumblrVideoEntry0.swift in Sources */ = {isa = PBXBuildFile; fileRef = 772103D21D51E1B400F18546 /* TumblrVideoEntry0.swift */; };
		772103D61D52514700F18546 /* TumblrToolBarEntry0.swift in Sources */ = {isa = PBXBuildFile; fileRef = 772103D51D52514700F18546 /* TumblrToolBarEntry0.swift */; };
		772316121D3CD24B004D06F1 /* SignInNormal.swift in Sources */ = {isa = PBXBuildFile; fileRef = 772316111D3CD24B004D06F1 /* SignInNormal.swift */; };
		772316141D3CD441004D06F1 /* ControllerJumper.swift in Sources */ = {isa = PBXBuildFile; fileRef = 772316131D3CD441004D06F1 /* ControllerJumper.swift */; };
		772316161D3CD53D004D06F1 /* SignIn.storyboard in Resources */ = {isa = PBXBuildFile; fileRef = 772316151D3CD53D004D06F1 /* SignIn.storyboard */; };
		7724095C1CCDF61D00CAD6C1 /* CoreAnimationLearning.swift in Sources */ = {isa = PBXBuildFile; fileRef = 7724095B1CCDF61D00CAD6C1 /* CoreAnimationLearning.swift */; };
		772409621CCE117500CAD6C1 /* CoreAnimationList.swift in Sources */ = {isa = PBXBuildFile; fileRef = 772409611CCE117500CAD6C1 /* CoreAnimationList.swift */; };
		772409641CCE131900CAD6C1 /* coreAnimation.storyboard in Resources */ = {isa = PBXBuildFile; fileRef = 772409631CCE131900CAD6C1 /* coreAnimation.storyboard */; };
		772409661CCE146C00CAD6C1 /* CALayerTree.swift in Sources */ = {isa = PBXBuildFile; fileRef = 772409651CCE146C00CAD6C1 /* CALayerTree.swift */; };
		772409681CCE36AC00CAD6C1 /* CABackingImage.swift in Sources */ = {isa = PBXBuildFile; fileRef = 772409671CCE36AC00CAD6C1 /* CABackingImage.swift */; };
		772409721CCF4DAC00CAD6C1 /* ParentController.swift in Sources */ = {isa = PBXBuildFile; fileRef = 772409711CCF4DAC00CAD6C1 /* ParentController.swift */; };
		772592161C7DEEF300000FBA /* AppDelegate.swift in Sources */ = {isa = PBXBuildFile; fileRef = 772592151C7DEEF300000FBA /* AppDelegate.swift */; };
		772592181C7DEEF300000FBA /* ViewController.swift in Sources */ = {isa = PBXBuildFile; fileRef = 772592171C7DEEF300000FBA /* ViewController.swift */; };
		7725921B1C7DEEF300000FBA /* Main.storyboard in Resources */ = {isa = PBXBuildFile; fileRef = 772592191C7DEEF300000FBA /* Main.storyboard */; };
		7725921D1C7DEEF300000FBA /* Assets.xcassets in Resources */ = {isa = PBXBuildFile; fileRef = 7725921C1C7DEEF300000FBA /* Assets.xcassets */; };
		772592201C7DEEF300000FBA /* LaunchScreen.storyboard in Resources */ = {isa = PBXBuildFile; fileRef = 7725921E1C7DEEF300000FBA /* LaunchScreen.storyboard */; };
		772592351C7EF90300000FBA /* welcome_video.mp4 in Resources */ = {isa = PBXBuildFile; fileRef = 772592341C7EF90300000FBA /* welcome_video.mp4 */; };
		772592371C7EFE3000000FBA /* VideoBackground.swift in Sources */ = {isa = PBXBuildFile; fileRef = 772592361C7EFE3000000FBA /* VideoBackground.swift */; };
		772773B51C9D452800A6ED72 /* QRCodeGenerator.swift in Sources */ = {isa = PBXBuildFile; fileRef = 772773B41C9D452800A6ED72 /* QRCodeGenerator.swift */; };
		772773B71C9D4DB000A6ED72 /* QRCodeGenerator.xib in Resources */ = {isa = PBXBuildFile; fileRef = 772773B61C9D4DB000A6ED72 /* QRCodeGenerator.xib */; };
		772773B91C9EACDA00A6ED72 /* QRCodeReader.swift in Sources */ = {isa = PBXBuildFile; fileRef = 772773B81C9EACDA00A6ED72 /* QRCodeReader.swift */; };
		772773BB1C9EAD5900A6ED72 /* qrStoryboard.storyboard in Resources */ = {isa = PBXBuildFile; fileRef = 772773BA1C9EAD5900A6ED72 /* qrStoryboard.storyboard */; };
		772773BE1C9FA3DE00A6ED72 /* beep.mp3 in Resources */ = {isa = PBXBuildFile; fileRef = 772773BD1C9FA3DE00A6ED72 /* beep.mp3 */; };
		772773C01C9FD3B000A6ED72 /* ImageFilters.swift in Sources */ = {isa = PBXBuildFile; fileRef = 772773BF1C9FD3B000A6ED72 /* ImageFilters.swift */; };
		772773C41C9FE13600A6ED72 /* filters.storyboard in Resources */ = {isa = PBXBuildFile; fileRef = 772773C31C9FE13600A6ED72 /* filters.storyboard */; };
		772773CC1CA03A7A00A6ED72 /* ImageFilterCell.swift in Sources */ = {isa = PBXBuildFile; fileRef = 772773CB1CA03A7A00A6ED72 /* ImageFilterCell.swift */; };
		773E16981CEC1B7900D11762 /* QuartzLearning.swift in Sources */ = {isa = PBXBuildFile; fileRef = 773E16971CEC1B7900D11762 /* QuartzLearning.swift */; };
		773E169A1CEC1BAD00D11762 /* quartz.storyboard in Resources */ = {isa = PBXBuildFile; fileRef = 773E16991CEC1BAD00D11762 /* quartz.storyboard */; };
		773E16A31CEC499A00D11762 /* QuartzBase.swift in Sources */ = {isa = PBXBuildFile; fileRef = 773E16A21CEC499A00D11762 /* QuartzBase.swift */; };
		776054A81CA4EF4C00EF3618 /* IImagePicker.swift in Sources */ = {isa = PBXBuildFile; fileRef = 776054A71CA4EF4C00EF3618 /* IImagePicker.swift */; };
		776054AA1CA5237C00EF3618 /* imagepicker.storyboard in Resources */ = {isa = PBXBuildFile; fileRef = 776054A91CA5237C00EF3618 /* imagepicker.storyboard */; };
		777048831C9AA22D00A15A5B /* DigitalScale.swift in Sources */ = {isa = PBXBuildFile; fileRef = 777048811C9AA22D00A15A5B /* DigitalScale.swift */; };
		777481661D48A09600065F46 /* OAuthSwift.framework in Frameworks */ = {isa = PBXBuildFile; fileRef = 777481651D48A09600065F46 /* OAuthSwift.framework */; };
		777481671D48A09600065F46 /* OAuthSwift.framework in Embed Frameworks */ = {isa = PBXBuildFile; fileRef = 777481651D48A09600065F46 /* OAuthSwift.framework */; settings = {ATTRIBUTES = (CodeSignOnCopy, RemoveHeadersOnCopy, ); }; };
		7777FB551D48A75D00D58607 /* TumblrUser.swift in Sources */ = {isa = PBXBuildFile; fileRef = 7777FB541D48A75D00D58607 /* TumblrUser.swift */; };
		7777FB5E1D48ABF400D58607 /* tumblrboard.storyboard in Resources */ = {isa = PBXBuildFile; fileRef = 7777FB5D1D48ABF400D58607 /* tumblrboard.storyboard */; };
		7777FB601D48AC1900D58607 /* TumblrPosts.swift in Sources */ = {isa = PBXBuildFile; fileRef = 7777FB5F1D48AC1900D58607 /* TumblrPosts.swift */; };
		7777FB7C1D49E4D300D58607 /* TumblrPost.swift in Sources */ = {isa = PBXBuildFile; fileRef = 7777FB7B1D49E4D300D58607 /* TumblrPost.swift */; };
		777D57FE1D473D3B007274BB /* sinaboard.storyboard in Resources */ = {isa = PBXBuildFile; fileRef = 777D57FD1D473D3B007274BB /* sinaboard.storyboard */; };
		777D58021D474A30007274BB /* SinaContext.swift in Sources */ = {isa = PBXBuildFile; fileRef = 777D58011D474A30007274BB /* SinaContext.swift */; };
		777D58041D475744007274BB /* SinaAPI.swift in Sources */ = {isa = PBXBuildFile; fileRef = 777D58031D475744007274BB /* SinaAPI.swift */; };
		777D58061D475F9F007274BB /* SinaTimeLine.swift in Sources */ = {isa = PBXBuildFile; fileRef = 777D58051D475F9F007274BB /* SinaTimeLine.swift */; };
		777D58081D476378007274BB /* SinaStatus.swift in Sources */ = {isa = PBXBuildFile; fileRef = 777D58071D476378007274BB /* SinaStatus.swift */; };
		777D58121D485AA8007274BB /* TumblrAPI.swift in Sources */ = {isa = PBXBuildFile; fileRef = 777D58111D485AA8007274BB /* TumblrAPI.swift */; };
		777D58141D485AC4007274BB /* TumblrContext.swift in Sources */ = {isa = PBXBuildFile; fileRef = 777D58131D485AC4007274BB /* TumblrContext.swift */; };
		7791CC281CE0934300DE3132 /* CASpecialLayer.swift in Sources */ = {isa = PBXBuildFile; fileRef = 7791CC271CE0934300DE3132 /* CASpecialLayer.swift */; };
		7791CC401CE1C4B000DE3132 /* CompressImage.swift in Sources */ = {isa = PBXBuildFile; fileRef = 7791CC3F1CE1C4B000DE3132 /* CompressImage.swift */; };
		77D277741CA2EE8000899043 /* LocalAuthentication.framework in Frameworks */ = {isa = PBXBuildFile; fileRef = 77D277731CA2EE8000899043 /* LocalAuthentication.framework */; };
		77D277771CA2EF8600899043 /* TouchIdTest.swift in Sources */ = {isa = PBXBuildFile; fileRef = 77D277761CA2EF8600899043 /* TouchIdTest.swift */; };
		77D54AB61D42022F008B0A02 /* SinaUser.swift in Sources */ = {isa = PBXBuildFile; fileRef = 77D54AB51D42022F008B0A02 /* SinaUser.swift */; };
		77E11B6B1D34F811005F42F5 /* ReadVideoList.swift in Sources */ = {isa = PBXBuildFile; fileRef = 77E11B6A1D34F811005F42F5 /* ReadVideoList.swift */; };
		77E312E91CA683FA00867373 /* IImageAlbumCell.swift in Sources */ = {isa = PBXBuildFile; fileRef = 77E312E81CA683FA00867373 /* IImageAlbumCell.swift */; };
		77E312EB1CA6891000867373 /* IImagePickerAlbum.swift in Sources */ = {isa = PBXBuildFile; fileRef = 77E312EA1CA6891000867373 /* IImagePickerAlbum.swift */; };
		77E312ED1CA9889300867373 /* IImagePickerAlbumAssets.swift in Sources */ = {isa = PBXBuildFile; fileRef = 77E312EC1CA9889300867373 /* IImagePickerAlbumAssets.swift */; };
		77E312EF1CA988E800867373 /* IImageAlbumAssetCell.swift in Sources */ = {isa = PBXBuildFile; fileRef = 77E312EE1CA988E800867373 /* IImageAlbumAssetCell.swift */; };
		77F4730B1CA1A5C700654530 /* webexplorer.storyboard in Resources */ = {isa = PBXBuildFile; fileRef = 77F4730A1CA1A5C700654530 /* webexplorer.storyboard */; };
		77F7238C1CA1217200ABDADA /* ImageFilterView.swift in Sources */ = {isa = PBXBuildFile; fileRef = 77F7238B1CA1217200ABDADA /* ImageFilterView.swift */; };
		77F723931CA18EF300ABDADA /* WebExplorer.swift in Sources */ = {isa = PBXBuildFile; fileRef = 77F723921CA18EF300ABDADA /* WebExplorer.swift */; };
		77F8B10F1CDCA8FB0094ADA3 /* CACubic.swift in Sources */ = {isa = PBXBuildFile; fileRef = 77F8B10E1CDCA8FB0094ADA3 /* CACubic.swift */; };
		77FB0EE21CB50B81003DD7B6 /* IImagePickerAssetPop.swift in Sources */ = {isa = PBXBuildFile; fileRef = 77FB0EE11CB50B81003DD7B6 /* IImagePickerAssetPop.swift */; };
		77FB24911CBBC5E80035DE3F /* PinLocation.swift in Sources */ = {isa = PBXBuildFile; fileRef = 77FB24901CBBC5E80035DE3F /* PinLocation.swift */; };
		77FB249B1CBCD32C0035DE3F /* LoginDBData.swift in Sources */ = {isa = PBXBuildFile; fileRef = 77FB249A1CBCD32C0035DE3F /* LoginDBData.swift */; };
		77FB249D1CBCD3E20035DE3F /* LoginKey.swift in Sources */ = {isa = PBXBuildFile; fileRef = 77FB249C1CBCD3E20035DE3F /* LoginKey.swift */; };
		77FB24A41CBCDC7B0035DE3F /* Extensions.swift in Sources */ = {isa = PBXBuildFile; fileRef = 77FB24A31CBCDC7B0035DE3F /* Extensions.swift */; };
		77FB2C4E1CF2A697009660C3 /* CanvasView.swift in Sources */ = {isa = PBXBuildFile; fileRef = 77FB2C4D1CF2A697009660C3 /* CanvasView.swift */; };
		77FB2C501CF2DC49009660C3 /* ScratchView.swift in Sources */ = {isa = PBXBuildFile; fileRef = 77FB2C4F1CF2DC49009660C3 /* ScratchView.swift */; };
		77FBFFF81D5388D70082E65A /* Extensions+UIViewController.swift in Sources */ = {isa = PBXBuildFile; fileRef = 77FBFFF71D5388D70082E65A /* Extensions+UIViewController.swift */; };
		A135BFE01CCFB30100680D1F /* CAEffect.swift in Sources */ = {isa = PBXBuildFile; fileRef = A135BFDF1CCFB30100680D1F /* CAEffect.swift */; };
		A135BFE21CD0FD8B00680D1F /* CATransform.swift in Sources */ = {isa = PBXBuildFile; fileRef = A135BFE11CD0FD8B00680D1F /* CATransform.swift */; };
		A18835031CFEEBF8007F75EC /* paint01-01.png in Resources */ = {isa = PBXBuildFile; fileRef = A18835011CFEEBF8007F75EC /* paint01-01.png */; };
		A18835041CFEEBF8007F75EC /* paint01-01blur.png in Resources */ = {isa = PBXBuildFile; fileRef = A18835021CFEEBF8007F75EC /* paint01-01blur.png */; };
/* End PBXBuildFile section */

/* Begin PBXCopyFilesBuildPhase section */
		777481681D48A09600065F46 /* Embed Frameworks */ = {
			isa = PBXCopyFilesBuildPhase;
			buildActionMask = 2147483647;
			dstPath = "";
			dstSubfolderSpec = 10;
			files = (
				777481671D48A09600065F46 /* OAuthSwift.framework in Embed Frameworks */,
			);
			name = "Embed Frameworks";
			runOnlyForDeploymentPostprocessing = 0;
		};
/* End PBXCopyFilesBuildPhase section */

/* Begin PBXFileReference section */
		305C895388FDC6969B29CFE4 /* Pods-LXC.debug.xcconfig */ = {isa = PBXFileReference; includeInIndex = 1; lastKnownFileType = text.xcconfig; name = "Pods-LXC.debug.xcconfig"; path = "Pods/Target Support Files/Pods-LXC/Pods-LXC.debug.xcconfig"; sourceTree = "<group>"; };
		7375A9615F66D56F7898F37A /* Pods-LXC.release.xcconfig */ = {isa = PBXFileReference; includeInIndex = 1; lastKnownFileType = text.xcconfig; name = "Pods-LXC.release.xcconfig"; path = "Pods/Target Support Files/Pods-LXC/Pods-LXC.release.xcconfig"; sourceTree = "<group>"; };
		770089981C9BB4ED00E6BCB9 /* GoodyList.swift */ = {isa = PBXFileReference; fileEncoding = 4; lastKnownFileType = sourcecode.swift; path = GoodyList.swift; sourceTree = "<group>"; };
		7700899A1C9BB56400E6BCB9 /* GoodyListCell.swift */ = {isa = PBXFileReference; fileEncoding = 4; lastKnownFileType = sourcecode.swift; path = GoodyListCell.swift; sourceTree = "<group>"; };
		7700899B1C9BB56400E6BCB9 /* GoodyListCell.xib */ = {isa = PBXFileReference; fileEncoding = 4; lastKnownFileType = file.xib; path = GoodyListCell.xib; sourceTree = "<group>"; };
		7700899E1C9BDA4900E6BCB9 /* GoodyItem.swift */ = {isa = PBXFileReference; fileEncoding = 4; lastKnownFileType = sourcecode.swift; path = GoodyItem.swift; sourceTree = "<group>"; };
		7710CFA31CF5A86400DD2440 /* ScratchViewOne.swift */ = {isa = PBXFileReference; fileEncoding = 4; lastKnownFileType = sourcecode.swift; path = ScratchViewOne.swift; sourceTree = "<group>"; };
		771A53851C9BF68D00598BEE /* PhoneContactsList.swift */ = {isa = PBXFileReference; fileEncoding = 4; lastKnownFileType = sourcecode.swift; path = PhoneContactsList.swift; sourceTree = "<group>"; };
		771A53861C9BF68D00598BEE /* PhoneContactsList.xib */ = {isa = PBXFileReference; fileEncoding = 4; lastKnownFileType = file.xib; path = PhoneContactsList.xib; sourceTree = "<group>"; };
		771A53891C9BFDCA00598BEE /* PhoneContactsCell.swift */ = {isa = PBXFileReference; fileEncoding = 4; lastKnownFileType = sourcecode.swift; path = PhoneContactsCell.swift; sourceTree = "<group>"; };
		771A538A1C9BFDCA00598BEE /* PhoneContactsCell.xib */ = {isa = PBXFileReference; fileEncoding = 4; lastKnownFileType = file.xib; path = PhoneContactsCell.xib; sourceTree = "<group>"; };
		771AE0F11C8048AE00AAF16F /* VideoPlaybackView.swift */ = {isa = PBXFileReference; fileEncoding = 4; lastKnownFileType = sourcecode.swift; path = VideoPlaybackView.swift; sourceTree = "<group>"; };
		771F25991CC4D91200E88260 /* SnowView.swift */ = {isa = PBXFileReference; fileEncoding = 4; lastKnownFileType = sourcecode.swift; path = SnowView.swift; sourceTree = "<group>"; };
		771F25AB1CC731C700E88260 /* NavBarAndTable.swift */ = {isa = PBXFileReference; fileEncoding = 4; lastKnownFileType = sourcecode.swift; path = NavBarAndTable.swift; sourceTree = "<group>"; };
		771F25AE1CC738D100E88260 /* ToolBox.swift */ = {isa = PBXFileReference; fileEncoding = 4; lastKnownFileType = sourcecode.swift; path = ToolBox.swift; sourceTree = "<group>"; };
		7721036C1D4A059A00F18546 /* StringObject.swift */ = {isa = PBXFileReference; fileEncoding = 4; lastKnownFileType = sourcecode.swift; path = StringObject.swift; sourceTree = "<group>"; };
		772103711D4A09BD00F18546 /* ResponsePosts.swift */ = {isa = PBXFileReference; fileEncoding = 4; lastKnownFileType = sourcecode.swift; path = ResponsePosts.swift; sourceTree = "<group>"; };
		772103841D4C9FE200F18546 /* LayoutManager.swift */ = {isa = PBXFileReference; fileEncoding = 4; lastKnownFileType = sourcecode.swift; path = LayoutManager.swift; sourceTree = "<group>"; };
		7721038C1D4CABAE00F18546 /* Extensions+UIView.swift */ = {isa = PBXFileReference; fileEncoding = 4; lastKnownFileType = sourcecode.swift; path = "Extensions+UIView.swift"; sourceTree = "<group>"; };
		772103A41D4F2AB600F18546 /* TumblrNormalCell.swift */ = {isa = PBXFileReference; fileEncoding = 4; lastKnownFileType = sourcecode.swift; path = TumblrNormalCell.swift; sourceTree = "<group>"; };
		772103A61D4F2B4400F18546 /* TumblrImageEntry0.swift */ = {isa = PBXFileReference; fileEncoding = 4; lastKnownFileType = sourcecode.swift; path = TumblrImageEntry0.swift; sourceTree = "<group>"; };
		772103A81D4F411D00F18546 /* TumblrNormalLayout.swift */ = {isa = PBXFileReference; fileEncoding = 4; lastKnownFileType = sourcecode.swift; path = TumblrNormalLayout.swift; sourceTree = "<group>"; };
		772103AA1D4F461000F18546 /* TumblrNameEntry0.swift */ = {isa = PBXFileReference; fileEncoding = 4; lastKnownFileType = sourcecode.swift; path = TumblrNameEntry0.swift; sourceTree = "<group>"; };
		772103C01D509C7900F18546 /* TumblrReblogEntry0.swift */ = {isa = PBXFileReference; fileEncoding = 4; lastKnownFileType = sourcecode.swift; path = TumblrReblogEntry0.swift; sourceTree = "<group>"; };
		772103C21D50F7EC00F18546 /* TumblrTextEntry0.swift */ = {isa = PBXFileReference; fileEncoding = 4; lastKnownFileType = sourcecode.swift; path = TumblrTextEntry0.swift; sourceTree = "<group>"; };
		772103D21D51E1B400F18546 /* TumblrVideoEntry0.swift */ = {isa = PBXFileReference; fileEncoding = 4; lastKnownFileType = sourcecode.swift; path = TumblrVideoEntry0.swift; sourceTree = "<group>"; };
		772103D51D52514700F18546 /* TumblrToolBarEntry0.swift */ = {isa = PBXFileReference; fileEncoding = 4; lastKnownFileType = sourcecode.swift; path = TumblrToolBarEntry0.swift; sourceTree = "<group>"; };
		772316111D3CD24B004D06F1 /* SignInNormal.swift */ = {isa = PBXFileReference; fileEncoding = 4; lastKnownFileType = sourcecode.swift; path = SignInNormal.swift; sourceTree = "<group>"; };
		772316131D3CD441004D06F1 /* ControllerJumper.swift */ = {isa = PBXFileReference; fileEncoding = 4; lastKnownFileType = sourcecode.swift; path = ControllerJumper.swift; sourceTree = "<group>"; };
		772316151D3CD53D004D06F1 /* SignIn.storyboard */ = {isa = PBXFileReference; fileEncoding = 4; lastKnownFileType = file.storyboard; path = SignIn.storyboard; sourceTree = "<group>"; };
		7724095B1CCDF61D00CAD6C1 /* CoreAnimationLearning.swift */ = {isa = PBXFileReference; fileEncoding = 4; lastKnownFileType = sourcecode.swift; path = CoreAnimationLearning.swift; sourceTree = "<group>"; };
		772409611CCE117500CAD6C1 /* CoreAnimationList.swift */ = {isa = PBXFileReference; fileEncoding = 4; lastKnownFileType = sourcecode.swift; path = CoreAnimationList.swift; sourceTree = "<group>"; };
		772409631CCE131900CAD6C1 /* coreAnimation.storyboard */ = {isa = PBXFileReference; fileEncoding = 4; lastKnownFileType = file.storyboard; path = coreAnimation.storyboard; sourceTree = "<group>"; };
		772409651CCE146C00CAD6C1 /* CALayerTree.swift */ = {isa = PBXFileReference; fileEncoding = 4; lastKnownFileType = sourcecode.swift; path = CALayerTree.swift; sourceTree = "<group>"; };
		772409671CCE36AC00CAD6C1 /* CABackingImage.swift */ = {isa = PBXFileReference; fileEncoding = 4; lastKnownFileType = sourcecode.swift; path = CABackingImage.swift; sourceTree = "<group>"; };
		772409711CCF4DAC00CAD6C1 /* ParentController.swift */ = {isa = PBXFileReference; fileEncoding = 4; lastKnownFileType = sourcecode.swift; path = ParentController.swift; sourceTree = "<group>"; };
		772592121C7DEEF300000FBA /* LXC.app */ = {isa = PBXFileReference; explicitFileType = wrapper.application; includeInIndex = 0; path = LXC.app; sourceTree = BUILT_PRODUCTS_DIR; };
		772592151C7DEEF300000FBA /* AppDelegate.swift */ = {isa = PBXFileReference; lastKnownFileType = sourcecode.swift; path = AppDelegate.swift; sourceTree = "<group>"; };
		772592171C7DEEF300000FBA /* ViewController.swift */ = {isa = PBXFileReference; lastKnownFileType = sourcecode.swift; path = ViewController.swift; sourceTree = "<group>"; };
		7725921A1C7DEEF300000FBA /* Base */ = {isa = PBXFileReference; lastKnownFileType = file.storyboard; name = Base; path = Base.lproj/Main.storyboard; sourceTree = "<group>"; };
		7725921C1C7DEEF300000FBA /* Assets.xcassets */ = {isa = PBXFileReference; lastKnownFileType = folder.assetcatalog; path = Assets.xcassets; sourceTree = "<group>"; };
		7725921F1C7DEEF300000FBA /* Base */ = {isa = PBXFileReference; lastKnownFileType = file.storyboard; name = Base; path = Base.lproj/LaunchScreen.storyboard; sourceTree = "<group>"; };
		772592211C7DEEF300000FBA /* Info.plist */ = {isa = PBXFileReference; lastKnownFileType = text.plist.xml; path = Info.plist; sourceTree = "<group>"; };
		772592341C7EF90300000FBA /* welcome_video.mp4 */ = {isa = PBXFileReference; lastKnownFileType = file; path = welcome_video.mp4; sourceTree = SOURCE_ROOT; };
		772592361C7EFE3000000FBA /* VideoBackground.swift */ = {isa = PBXFileReference; fileEncoding = 4; lastKnownFileType = sourcecode.swift; path = VideoBackground.swift; sourceTree = "<group>"; };
		772773B41C9D452800A6ED72 /* QRCodeGenerator.swift */ = {isa = PBXFileReference; fileEncoding = 4; lastKnownFileType = sourcecode.swift; path = QRCodeGenerator.swift; sourceTree = "<group>"; };
		772773B61C9D4DB000A6ED72 /* QRCodeGenerator.xib */ = {isa = PBXFileReference; fileEncoding = 4; lastKnownFileType = file.xib; path = QRCodeGenerator.xib; sourceTree = "<group>"; };
		772773B81C9EACDA00A6ED72 /* QRCodeReader.swift */ = {isa = PBXFileReference; fileEncoding = 4; lastKnownFileType = sourcecode.swift; path = QRCodeReader.swift; sourceTree = "<group>"; };
		772773BA1C9EAD5900A6ED72 /* qrStoryboard.storyboard */ = {isa = PBXFileReference; fileEncoding = 4; lastKnownFileType = file.storyboard; path = qrStoryboard.storyboard; sourceTree = "<group>"; };
		772773BD1C9FA3DE00A6ED72 /* beep.mp3 */ = {isa = PBXFileReference; lastKnownFileType = audio.mp3; path = beep.mp3; sourceTree = SOURCE_ROOT; };
		772773BF1C9FD3B000A6ED72 /* ImageFilters.swift */ = {isa = PBXFileReference; fileEncoding = 4; lastKnownFileType = sourcecode.swift; path = ImageFilters.swift; sourceTree = "<group>"; };
		772773C31C9FE13600A6ED72 /* filters.storyboard */ = {isa = PBXFileReference; fileEncoding = 4; lastKnownFileType = file.storyboard; path = filters.storyboard; sourceTree = "<group>"; };
		772773CB1CA03A7A00A6ED72 /* ImageFilterCell.swift */ = {isa = PBXFileReference; fileEncoding = 4; lastKnownFileType = sourcecode.swift; path = ImageFilterCell.swift; sourceTree = "<group>"; };
		773E16971CEC1B7900D11762 /* QuartzLearning.swift */ = {isa = PBXFileReference; fileEncoding = 4; lastKnownFileType = sourcecode.swift; path = QuartzLearning.swift; sourceTree = "<group>"; };
		773E16991CEC1BAD00D11762 /* quartz.storyboard */ = {isa = PBXFileReference; fileEncoding = 4; lastKnownFileType = file.storyboard; path = quartz.storyboard; sourceTree = "<group>"; };
		773E16A21CEC499A00D11762 /* QuartzBase.swift */ = {isa = PBXFileReference; fileEncoding = 4; lastKnownFileType = sourcecode.swift; path = QuartzBase.swift; sourceTree = "<group>"; };
		774F03D11D3E273F005FA275 /* LXC-Bridging-Header.h */ = {isa = PBXFileReference; lastKnownFileType = sourcecode.c.h; path = "LXC-Bridging-Header.h"; sourceTree = "<group>"; };
		776054A71CA4EF4C00EF3618 /* IImagePicker.swift */ = {isa = PBXFileReference; fileEncoding = 4; lastKnownFileType = sourcecode.swift; path = IImagePicker.swift; sourceTree = "<group>"; };
		776054A91CA5237C00EF3618 /* imagepicker.storyboard */ = {isa = PBXFileReference; fileEncoding = 4; lastKnownFileType = file.storyboard; path = imagepicker.storyboard; sourceTree = "<group>"; };
		777048811C9AA22D00A15A5B /* DigitalScale.swift */ = {isa = PBXFileReference; fileEncoding = 4; lastKnownFileType = sourcecode.swift; path = DigitalScale.swift; sourceTree = "<group>"; };
		777481651D48A09600065F46 /* OAuthSwift.framework */ = {isa = PBXFileReference; explicitFileType = wrapper.framework; name = OAuthSwift.framework; path = "/Users/renren/Library/Developer/Xcode/DerivedData/LXC-eelmtixqxevmvfeebyprqtkhabcl/Build/Products/Debug-iphonesimulator/OAuthSwift/OAuthSwift.framework"; sourceTree = "<absolute>"; };
		7777FB541D48A75D00D58607 /* TumblrUser.swift */ = {isa = PBXFileReference; fileEncoding = 4; lastKnownFileType = sourcecode.swift; path = TumblrUser.swift; sourceTree = "<group>"; };
		7777FB5D1D48ABF400D58607 /* tumblrboard.storyboard */ = {isa = PBXFileReference; fileEncoding = 4; lastKnownFileType = file.storyboard; path = tumblrboard.storyboard; sourceTree = "<group>"; };
		7777FB5F1D48AC1900D58607 /* TumblrPosts.swift */ = {isa = PBXFileReference; fileEncoding = 4; lastKnownFileType = sourcecode.swift; path = TumblrPosts.swift; sourceTree = "<group>"; };
		7777FB7B1D49E4D300D58607 /* TumblrPost.swift */ = {isa = PBXFileReference; fileEncoding = 4; lastKnownFileType = sourcecode.swift; path = TumblrPost.swift; sourceTree = "<group>"; };
		777D57FD1D473D3B007274BB /* sinaboard.storyboard */ = {isa = PBXFileReference; fileEncoding = 4; lastKnownFileType = file.storyboard; path = sinaboard.storyboard; sourceTree = "<group>"; };
		777D58011D474A30007274BB /* SinaContext.swift */ = {isa = PBXFileReference; fileEncoding = 4; lastKnownFileType = sourcecode.swift; path = SinaContext.swift; sourceTree = "<group>"; };
		777D58031D475744007274BB /* SinaAPI.swift */ = {isa = PBXFileReference; fileEncoding = 4; lastKnownFileType = sourcecode.swift; path = SinaAPI.swift; sourceTree = "<group>"; };
		777D58051D475F9F007274BB /* SinaTimeLine.swift */ = {isa = PBXFileReference; fileEncoding = 4; lastKnownFileType = sourcecode.swift; path = SinaTimeLine.swift; sourceTree = "<group>"; };
		777D58071D476378007274BB /* SinaStatus.swift */ = {isa = PBXFileReference; fileEncoding = 4; lastKnownFileType = sourcecode.swift; path = SinaStatus.swift; sourceTree = "<group>"; };
		777D58111D485AA8007274BB /* TumblrAPI.swift */ = {isa = PBXFileReference; fileEncoding = 4; lastKnownFileType = sourcecode.swift; path = TumblrAPI.swift; sourceTree = "<group>"; };
		777D58131D485AC4007274BB /* TumblrContext.swift */ = {isa = PBXFileReference; fileEncoding = 4; lastKnownFileType = sourcecode.swift; path = TumblrContext.swift; sourceTree = "<group>"; };
		7791CC271CE0934300DE3132 /* CASpecialLayer.swift */ = {isa = PBXFileReference; fileEncoding = 4; lastKnownFileType = sourcecode.swift; path = CASpecialLayer.swift; sourceTree = "<group>"; };
		7791CC3F1CE1C4B000DE3132 /* CompressImage.swift */ = {isa = PBXFileReference; fileEncoding = 4; lastKnownFileType = sourcecode.swift; path = CompressImage.swift; sourceTree = "<group>"; };
		77D277731CA2EE8000899043 /* LocalAuthentication.framework */ = {isa = PBXFileReference; lastKnownFileType = wrapper.framework; name = LocalAuthentication.framework; path = System/Library/Frameworks/LocalAuthentication.framework; sourceTree = SDKROOT; };
		77D277761CA2EF8600899043 /* TouchIdTest.swift */ = {isa = PBXFileReference; fileEncoding = 4; lastKnownFileType = sourcecode.swift; path = TouchIdTest.swift; sourceTree = "<group>"; };
		77D54AB51D42022F008B0A02 /* SinaUser.swift */ = {isa = PBXFileReference; fileEncoding = 4; lastKnownFileType = sourcecode.swift; path = SinaUser.swift; sourceTree = "<group>"; };
		77E11B6A1D34F811005F42F5 /* ReadVideoList.swift */ = {isa = PBXFileReference; fileEncoding = 4; lastKnownFileType = sourcecode.swift; path = ReadVideoList.swift; sourceTree = "<group>"; };
		77E312E81CA683FA00867373 /* IImageAlbumCell.swift */ = {isa = PBXFileReference; fileEncoding = 4; lastKnownFileType = sourcecode.swift; path = IImageAlbumCell.swift; sourceTree = "<group>"; };
		77E312EA1CA6891000867373 /* IImagePickerAlbum.swift */ = {isa = PBXFileReference; fileEncoding = 4; lastKnownFileType = sourcecode.swift; path = IImagePickerAlbum.swift; sourceTree = "<group>"; };
		77E312EC1CA9889300867373 /* IImagePickerAlbumAssets.swift */ = {isa = PBXFileReference; fileEncoding = 4; lastKnownFileType = sourcecode.swift; path = IImagePickerAlbumAssets.swift; sourceTree = "<group>"; };
		77E312EE1CA988E800867373 /* IImageAlbumAssetCell.swift */ = {isa = PBXFileReference; fileEncoding = 4; lastKnownFileType = sourcecode.swift; path = IImageAlbumAssetCell.swift; sourceTree = "<group>"; };
		77F4730A1CA1A5C700654530 /* webexplorer.storyboard */ = {isa = PBXFileReference; fileEncoding = 4; lastKnownFileType = file.storyboard; path = webexplorer.storyboard; sourceTree = "<group>"; };
		77F7238B1CA1217200ABDADA /* ImageFilterView.swift */ = {isa = PBXFileReference; fileEncoding = 4; lastKnownFileType = sourcecode.swift; path = ImageFilterView.swift; sourceTree = "<group>"; };
		77F723921CA18EF300ABDADA /* WebExplorer.swift */ = {isa = PBXFileReference; fileEncoding = 4; lastKnownFileType = sourcecode.swift; path = WebExplorer.swift; sourceTree = "<group>"; };
		77F8B10E1CDCA8FB0094ADA3 /* CACubic.swift */ = {isa = PBXFileReference; fileEncoding = 4; lastKnownFileType = sourcecode.swift; path = CACubic.swift; sourceTree = "<group>"; };
		77FB0EE11CB50B81003DD7B6 /* IImagePickerAssetPop.swift */ = {isa = PBXFileReference; fileEncoding = 4; lastKnownFileType = sourcecode.swift; path = IImagePickerAssetPop.swift; sourceTree = "<group>"; };
		77FB24901CBBC5E80035DE3F /* PinLocation.swift */ = {isa = PBXFileReference; fileEncoding = 4; lastKnownFileType = sourcecode.swift; path = PinLocation.swift; sourceTree = "<group>"; };
		77FB249A1CBCD32C0035DE3F /* LoginDBData.swift */ = {isa = PBXFileReference; fileEncoding = 4; lastKnownFileType = sourcecode.swift; path = LoginDBData.swift; sourceTree = "<group>"; };
		77FB249C1CBCD3E20035DE3F /* LoginKey.swift */ = {isa = PBXFileReference; fileEncoding = 4; lastKnownFileType = sourcecode.swift; path = LoginKey.swift; sourceTree = "<group>"; };
		77FB24A31CBCDC7B0035DE3F /* Extensions.swift */ = {isa = PBXFileReference; fileEncoding = 4; lastKnownFileType = sourcecode.swift; path = Extensions.swift; sourceTree = "<group>"; };
		77FB2C4D1CF2A697009660C3 /* CanvasView.swift */ = {isa = PBXFileReference; fileEncoding = 4; lastKnownFileType = sourcecode.swift; path = CanvasView.swift; sourceTree = "<group>"; };
		77FB2C4F1CF2DC49009660C3 /* ScratchView.swift */ = {isa = PBXFileReference; fileEncoding = 4; lastKnownFileType = sourcecode.swift; path = ScratchView.swift; sourceTree = "<group>"; };
		77FBFFF71D5388D70082E65A /* Extensions+UIViewController.swift */ = {isa = PBXFileReference; fileEncoding = 4; lastKnownFileType = sourcecode.swift; path = "Extensions+UIViewController.swift"; sourceTree = "<group>"; };
		8D35BAF3983A3452CE219AD8 /* Pods_LXC.framework */ = {isa = PBXFileReference; explicitFileType = wrapper.framework; includeInIndex = 0; path = Pods_LXC.framework; sourceTree = BUILT_PRODUCTS_DIR; };
		A135BFDF1CCFB30100680D1F /* CAEffect.swift */ = {isa = PBXFileReference; fileEncoding = 4; lastKnownFileType = sourcecode.swift; path = CAEffect.swift; sourceTree = "<group>"; };
		A135BFE11CD0FD8B00680D1F /* CATransform.swift */ = {isa = PBXFileReference; fileEncoding = 4; lastKnownFileType = sourcecode.swift; path = CATransform.swift; sourceTree = "<group>"; };
		A18835011CFEEBF8007F75EC /* paint01-01.png */ = {isa = PBXFileReference; lastKnownFileType = image.png; path = "paint01-01.png"; sourceTree = "<group>"; };
		A18835021CFEEBF8007F75EC /* paint01-01blur.png */ = {isa = PBXFileReference; lastKnownFileType = image.png; path = "paint01-01blur.png"; sourceTree = "<group>"; };
/* End PBXFileReference section */

/* Begin PBXFrameworksBuildPhase section */
		7725920F1C7DEEF300000FBA /* Frameworks */ = {
			isa = PBXFrameworksBuildPhase;
			buildActionMask = 2147483647;
			files = (
				77D277741CA2EE8000899043 /* LocalAuthentication.framework in Frameworks */,
				71DB418C080B3219B1D72474 /* Pods_LXC.framework in Frameworks */,
				777481661D48A09600065F46 /* OAuthSwift.framework in Frameworks */,
			);
			runOnlyForDeploymentPostprocessing = 0;
		};
/* End PBXFrameworksBuildPhase section */

/* Begin PBXGroup section */
		4379D1D6849CDDF2DDDF1B1D /* Pods */ = {
			isa = PBXGroup;
			children = (
				305C895388FDC6969B29CFE4 /* Pods-LXC.debug.xcconfig */,
				7375A9615F66D56F7898F37A /* Pods-LXC.release.xcconfig */,
			);
			name = Pods;
			sourceTree = "<group>";
		};
		5851120C04154529C5AB122A /* Frameworks */ = {
			isa = PBXGroup;
			children = (
				8D35BAF3983A3452CE219AD8 /* Pods_LXC.framework */,
			);
			name = Frameworks;
			sourceTree = "<group>";
		};
		770089971C9BB4AB00E6BCB9 /* Main */ = {
			isa = PBXGroup;
			children = (
				770089981C9BB4ED00E6BCB9 /* GoodyList.swift */,
				7700899A1C9BB56400E6BCB9 /* GoodyListCell.swift */,
				7700899B1C9BB56400E6BCB9 /* GoodyListCell.xib */,
				7700899E1C9BDA4900E6BCB9 /* GoodyItem.swift */,
			);
			name = Main;
			sourceTree = "<group>";
		};
		771A53841C9BEA9B00598BEE /* Contact */ = {
			isa = PBXGroup;
			children = (
				771A53851C9BF68D00598BEE /* PhoneContactsList.swift */,
				771A53861C9BF68D00598BEE /* PhoneContactsList.xib */,
				771A53891C9BFDCA00598BEE /* PhoneContactsCell.swift */,
				771A538A1C9BFDCA00598BEE /* PhoneContactsCell.xib */,
			);
			name = Contact;
			sourceTree = "<group>";
		};
		771F25981CC4D8D500E88260 /* Effect */ = {
			isa = PBXGroup;
			children = (
				771F25991CC4D91200E88260 /* SnowView.swift */,
				771F25AB1CC731C700E88260 /* NavBarAndTable.swift */,
			);
			name = Effect;
			sourceTree = "<group>";
		};
		771F25AD1CC738B100E88260 /* Tool */ = {
			isa = PBXGroup;
			children = (
				77FB24A31CBCDC7B0035DE3F /* Extensions.swift */,
				7721038C1D4CABAE00F18546 /* Extensions+UIView.swift */,
				77FBFFF71D5388D70082E65A /* Extensions+UIViewController.swift */,
				771F25AE1CC738D100E88260 /* ToolBox.swift */,
				772316131D3CD441004D06F1 /* ControllerJumper.swift */,
				7721036C1D4A059A00F18546 /* StringObject.swift */,
			);
			name = Tool;
			sourceTree = "<group>";
		};
		7721036E1D4A092700F18546 /* models */ = {
			isa = PBXGroup;
			children = (
				7777FB541D48A75D00D58607 /* TumblrUser.swift */,
				7777FB7B1D49E4D300D58607 /* TumblrPost.swift */,
				772103711D4A09BD00F18546 /* ResponsePosts.swift */,
			);
			name = models;
			sourceTree = "<group>";
		};
		7721039C1D4EE99100F18546 /* normalImp */ = {
			isa = PBXGroup;
			children = (
				772103841D4C9FE200F18546 /* LayoutManager.swift */,
				772103A41D4F2AB600F18546 /* TumblrNormalCell.swift */,
				772103AA1D4F461000F18546 /* TumblrNameEntry0.swift */,
				772103C21D50F7EC00F18546 /* TumblrTextEntry0.swift */,
				772103D21D51E1B400F18546 /* TumblrVideoEntry0.swift */,
				772103A61D4F2B4400F18546 /* TumblrImageEntry0.swift */,
				772103C01D509C7900F18546 /* TumblrReblogEntry0.swift */,
				772103D51D52514700F18546 /* TumblrToolBarEntry0.swift */,
				772103A81D4F411D00F18546 /* TumblrNormalLayout.swift */,
				7777FB5F1D48AC1900D58607 /* TumblrPosts.swift */,
			);
			name = normalImp;
			sourceTree = "<group>";
		};
		7724095A1CCDF5E900CAD6C1 /* coreAnimation */ = {
			isa = PBXGroup;
			children = (
				772409631CCE131900CAD6C1 /* coreAnimation.storyboard */,
				7724095B1CCDF61D00CAD6C1 /* CoreAnimationLearning.swift */,
				772409611CCE117500CAD6C1 /* CoreAnimationList.swift */,
				772409651CCE146C00CAD6C1 /* CALayerTree.swift */,
				772409671CCE36AC00CAD6C1 /* CABackingImage.swift */,
				A135BFDF1CCFB30100680D1F /* CAEffect.swift */,
				A135BFE11CD0FD8B00680D1F /* CATransform.swift */,
				77F8B10E1CDCA8FB0094ADA3 /* CACubic.swift */,
				7791CC271CE0934300DE3132 /* CASpecialLayer.swift */,
			);
			name = coreAnimation;
			sourceTree = "<group>";
		};
		772409701CCF4D9500CAD6C1 /* Container */ = {
			isa = PBXGroup;
			children = (
				772409711CCF4DAC00CAD6C1 /* ParentController.swift */,
			);
			name = Container;
			sourceTree = "<group>";
		};
		772592091C7DEEF300000FBA = {
			isa = PBXGroup;
			children = (
				777481651D48A09600065F46 /* OAuthSwift.framework */,
				776054A51CA4EA6A00EF3618 /* framework */,
				772592141C7DEEF300000FBA /* LXC */,
				772592131C7DEEF300000FBA /* Products */,
				4379D1D6849CDDF2DDDF1B1D /* Pods */,
				5851120C04154529C5AB122A /* Frameworks */,
			);
			sourceTree = "<group>";
		};
		772592131C7DEEF300000FBA /* Products */ = {
			isa = PBXGroup;
			children = (
				772592121C7DEEF300000FBA /* LXC.app */,
			);
			name = Products;
			sourceTree = "<group>";
		};
		772592141C7DEEF300000FBA /* LXC */ = {
			isa = PBXGroup;
			children = (
				774F03D11D3E273F005FA275 /* LXC-Bridging-Header.h */,
				777D58101D485A87007274BB /* tumblr */,
				77D54AB11D42012D008B0A02 /* sina */,
				77E11B691D34F7FE005F42F5 /* video */,
				77DD74CF1CF4538C00A99565 /* Scratch */,
				773E16961CEC1B3500D11762 /* quartz */,
				7791CC3E1CE1C49100DE3132 /* Image */,
				772409701CCF4D9500CAD6C1 /* Container */,
				7724095A1CCDF5E900CAD6C1 /* coreAnimation */,
				771F25AD1CC738B100E88260 /* Tool */,
				771F25981CC4D8D500E88260 /* Effect */,
				77FB24991CBCD2F00035DE3F /* swiftydb */,
				77FB248F1CBBC5BA0035DE3F /* Location */,
				776054A61CA4EA8C00EF3618 /* Photo */,
				77D277751CA2EE9500899043 /* TouchId */,
				77F7238D1CA18E8C00ABDADA /* WebView */,
				772773BC1C9FA18000A6ED72 /* CoreImage */,
				772773B31C9D450500A6ED72 /* QRCode */,
				771A53841C9BEA9B00598BEE /* Contact */,
				770089971C9BB4AB00E6BCB9 /* Main */,
				772592331C7EF8D900000FBA /* resources */,
				772592271C7DFB4500000FBA /* Splash */,
				772592151C7DEEF300000FBA /* AppDelegate.swift */,
				772592171C7DEEF300000FBA /* ViewController.swift */,
				772592191C7DEEF300000FBA /* Main.storyboard */,
				7725921C1C7DEEF300000FBA /* Assets.xcassets */,
				7725921E1C7DEEF300000FBA /* LaunchScreen.storyboard */,
				772592211C7DEEF300000FBA /* Info.plist */,
			);
			path = LXC;
			sourceTree = "<group>";
		};
		772592271C7DFB4500000FBA /* Splash */ = {
			isa = PBXGroup;
			children = (
				772592361C7EFE3000000FBA /* VideoBackground.swift */,
				771AE0F11C8048AE00AAF16F /* VideoPlaybackView.swift */,
			);
			name = Splash;
			sourceTree = "<group>";
		};
		772592331C7EF8D900000FBA /* resources */ = {
			isa = PBXGroup;
			children = (
				772773BD1C9FA3DE00A6ED72 /* beep.mp3 */,
				772592341C7EF90300000FBA /* welcome_video.mp4 */,
			);
			name = resources;
			sourceTree = "<group>";
		};
		772773B31C9D450500A6ED72 /* QRCode */ = {
			isa = PBXGroup;
			children = (
				772773B41C9D452800A6ED72 /* QRCodeGenerator.swift */,
				772773B61C9D4DB000A6ED72 /* QRCodeGenerator.xib */,
				772773B81C9EACDA00A6ED72 /* QRCodeReader.swift */,
				772773BA1C9EAD5900A6ED72 /* qrStoryboard.storyboard */,
			);
			name = QRCode;
			sourceTree = "<group>";
		};
		772773BC1C9FA18000A6ED72 /* CoreImage */ = {
			isa = PBXGroup;
			children = (
				772773BF1C9FD3B000A6ED72 /* ImageFilters.swift */,
				772773C31C9FE13600A6ED72 /* filters.storyboard */,
				772773CB1CA03A7A00A6ED72 /* ImageFilterCell.swift */,
				77F7238B1CA1217200ABDADA /* ImageFilterView.swift */,
			);
			name = CoreImage;
			sourceTree = "<group>";
		};
		773E16961CEC1B3500D11762 /* quartz */ = {
			isa = PBXGroup;
			children = (
				773E16971CEC1B7900D11762 /* QuartzLearning.swift */,
				773E16991CEC1BAD00D11762 /* quartz.storyboard */,
				773E16A21CEC499A00D11762 /* QuartzBase.swift */,
				77FB2C4D1CF2A697009660C3 /* CanvasView.swift */,
			);
			name = quartz;
			sourceTree = "<group>";
		};
		776054A51CA4EA6A00EF3618 /* framework */ = {
			isa = PBXGroup;
			children = (
				77D277731CA2EE8000899043 /* LocalAuthentication.framework */,
			);
			name = framework;
			sourceTree = "<group>";
		};
		776054A61CA4EA8C00EF3618 /* Photo */ = {
			isa = PBXGroup;
			children = (
				776054A71CA4EF4C00EF3618 /* IImagePicker.swift */,
				776054A91CA5237C00EF3618 /* imagepicker.storyboard */,
				77E312E81CA683FA00867373 /* IImageAlbumCell.swift */,
				77E312EA1CA6891000867373 /* IImagePickerAlbum.swift */,
				77E312EC1CA9889300867373 /* IImagePickerAlbumAssets.swift */,
				77E312EE1CA988E800867373 /* IImageAlbumAssetCell.swift */,
				77FB0EE11CB50B81003DD7B6 /* IImagePickerAssetPop.swift */,
			);
			name = Photo;
			sourceTree = "<group>";
		};
		777D57FC1D473D17007274BB /* page */ = {
			isa = PBXGroup;
			children = (
				777D57FD1D473D3B007274BB /* sinaboard.storyboard */,
			);
			name = page;
			sourceTree = "<group>";
		};
		777D58101D485A87007274BB /* tumblr */ = {
			isa = PBXGroup;
			children = (
				7721039C1D4EE99100F18546 /* normalImp */,
				7721036E1D4A092700F18546 /* models */,
				772316111D3CD24B004D06F1 /* SignInNormal.swift */,
				772316151D3CD53D004D06F1 /* SignIn.storyboard */,
				777D58111D485AA8007274BB /* TumblrAPI.swift */,
				777D58131D485AC4007274BB /* TumblrContext.swift */,
				7777FB5D1D48ABF400D58607 /* tumblrboard.storyboard */,
			);
			name = tumblr;
			sourceTree = "<group>";
		};
		7791CC3E1CE1C49100DE3132 /* Image */ = {
			isa = PBXGroup;
			children = (
				7791CC3F1CE1C4B000DE3132 /* CompressImage.swift */,
			);
			name = Image;
			sourceTree = "<group>";
		};
		77D277751CA2EE9500899043 /* TouchId */ = {
			isa = PBXGroup;
			children = (
				777048811C9AA22D00A15A5B /* DigitalScale.swift */,
				77D277761CA2EF8600899043 /* TouchIdTest.swift */,
			);
			name = TouchId;
			sourceTree = "<group>";
		};
		77D54AB11D42012D008B0A02 /* sina */ = {
			isa = PBXGroup;
			children = (
				777D57FC1D473D17007274BB /* page */,
				77D54AB21D420135008B0A02 /* model */,
				777D58011D474A30007274BB /* SinaContext.swift */,
				777D58051D475F9F007274BB /* SinaTimeLine.swift */,
				777D58031D475744007274BB /* SinaAPI.swift */,
			);
			name = sina;
			sourceTree = "<group>";
		};
		77D54AB21D420135008B0A02 /* model */ = {
			isa = PBXGroup;
			children = (
				77D54AB51D42022F008B0A02 /* SinaUser.swift */,
				777D58071D476378007274BB /* SinaStatus.swift */,
			);
			name = model;
			sourceTree = "<group>";
		};
		77DD74CF1CF4538C00A99565 /* Scratch */ = {
			isa = PBXGroup;
			children = (
				A18835011CFEEBF8007F75EC /* paint01-01.png */,
				A18835021CFEEBF8007F75EC /* paint01-01blur.png */,
				77FB2C4F1CF2DC49009660C3 /* ScratchView.swift */,
				7710CFA31CF5A86400DD2440 /* ScratchViewOne.swift */,
			);
			name = Scratch;
			sourceTree = "<group>";
		};
		77E11B691D34F7FE005F42F5 /* video */ = {
			isa = PBXGroup;
			children = (
				77E11B6A1D34F811005F42F5 /* ReadVideoList.swift */,
			);
			name = video;
			sourceTree = "<group>";
		};
		77F7238D1CA18E8C00ABDADA /* WebView */ = {
			isa = PBXGroup;
			children = (
				77F723921CA18EF300ABDADA /* WebExplorer.swift */,
				77F4730A1CA1A5C700654530 /* webexplorer.storyboard */,
			);
			name = WebView;
			sourceTree = "<group>";
		};
		77FB248F1CBBC5BA0035DE3F /* Location */ = {
			isa = PBXGroup;
			children = (
				77FB24901CBBC5E80035DE3F /* PinLocation.swift */,
			);
			name = Location;
			sourceTree = "<group>";
		};
		77FB24991CBCD2F00035DE3F /* swiftydb */ = {
			isa = PBXGroup;
			children = (
				77FB249A1CBCD32C0035DE3F /* LoginDBData.swift */,
				77FB249C1CBCD3E20035DE3F /* LoginKey.swift */,
			);
			name = swiftydb;
			sourceTree = "<group>";
		};
/* End PBXGroup section */

/* Begin PBXNativeTarget section */
		772592111C7DEEF300000FBA /* LXC */ = {
			isa = PBXNativeTarget;
			buildConfigurationList = 772592241C7DEEF300000FBA /* Build configuration list for PBXNativeTarget "LXC" */;
			buildPhases = (
				49392DB15389D37E90451ADD /* [CP] Check Pods Manifest.lock */,
				7725920E1C7DEEF300000FBA /* Sources */,
				7725920F1C7DEEF300000FBA /* Frameworks */,
				772592101C7DEEF300000FBA /* Resources */,
				DD1E083C9077423A495B563C /* [CP] Embed Pods Frameworks */,
				4D4BD76B058DD226C25129B2 /* [CP] Copy Pods Resources */,
				777481681D48A09600065F46 /* Embed Frameworks */,
			);
			buildRules = (
			);
			dependencies = (
			);
			name = LXC;
			productName = LXC;
			productReference = 772592121C7DEEF300000FBA /* LXC.app */;
			productType = "com.apple.product-type.application";
		};
/* End PBXNativeTarget section */

/* Begin PBXProject section */
		7725920A1C7DEEF300000FBA /* Project object */ = {
			isa = PBXProject;
			attributes = {
				LastSwiftUpdateCheck = 0730;
				LastUpgradeCheck = 0720;
				ORGANIZATIONNAME = com.demo.lxc;
				TargetAttributes = {
					772592111C7DEEF300000FBA = {
						CreatedOnToolsVersion = 7.2;
						DevelopmentTeam = QH3Z86LQRZ;
						SystemCapabilities = {
							com.apple.BackgroundModes = {
								enabled = 1;
							};
						};
					};
				};
			};
			buildConfigurationList = 7725920D1C7DEEF300000FBA /* Build configuration list for PBXProject "LXC" */;
			compatibilityVersion = "Xcode 3.2";
			developmentRegion = English;
			hasScannedForEncodings = 0;
			knownRegions = (
				en,
				Base,
			);
			mainGroup = 772592091C7DEEF300000FBA;
			productRefGroup = 772592131C7DEEF300000FBA /* Products */;
			projectDirPath = "";
			projectRoot = "";
			targets = (
				772592111C7DEEF300000FBA /* LXC */,
			);
		};
/* End PBXProject section */

/* Begin PBXResourcesBuildPhase section */
		772592101C7DEEF300000FBA /* Resources */ = {
			isa = PBXResourcesBuildPhase;
			buildActionMask = 2147483647;
			files = (
				772409641CCE131900CAD6C1 /* coreAnimation.storyboard in Resources */,
				77F4730B1CA1A5C700654530 /* webexplorer.storyboard in Resources */,
				772592201C7DEEF300000FBA /* LaunchScreen.storyboard in Resources */,
				772773BB1C9EAD5900A6ED72 /* qrStoryboard.storyboard in Resources */,
				772316161D3CD53D004D06F1 /* SignIn.storyboard in Resources */,
				772773B71C9D4DB000A6ED72 /* QRCodeGenerator.xib in Resources */,
				771A538C1C9BFDCA00598BEE /* PhoneContactsCell.xib in Resources */,
				7725921D1C7DEEF300000FBA /* Assets.xcassets in Resources */,
				7700899D1C9BB56400E6BCB9 /* GoodyListCell.xib in Resources */,
				772773BE1C9FA3DE00A6ED72 /* beep.mp3 in Resources */,
				776054AA1CA5237C00EF3618 /* imagepicker.storyboard in Resources */,
				A18835041CFEEBF8007F75EC /* paint01-01blur.png in Resources */,
				772773C41C9FE13600A6ED72 /* filters.storyboard in Resources */,
				773E169A1CEC1BAD00D11762 /* quartz.storyboard in Resources */,
				777D57FE1D473D3B007274BB /* sinaboard.storyboard in Resources */,
				7777FB5E1D48ABF400D58607 /* tumblrboard.storyboard in Resources */,
				A18835031CFEEBF8007F75EC /* paint01-01.png in Resources */,
				772592351C7EF90300000FBA /* welcome_video.mp4 in Resources */,
				7725921B1C7DEEF300000FBA /* Main.storyboard in Resources */,
				771A53881C9BF68D00598BEE /* PhoneContactsList.xib in Resources */,
			);
			runOnlyForDeploymentPostprocessing = 0;
		};
/* End PBXResourcesBuildPhase section */

/* Begin PBXShellScriptBuildPhase section */
		49392DB15389D37E90451ADD /* [CP] Check Pods Manifest.lock */ = {
			isa = PBXShellScriptBuildPhase;
			buildActionMask = 2147483647;
			files = (
			);
			inputPaths = (
			);
			name = "[CP] Check Pods Manifest.lock";
			outputPaths = (
			);
			runOnlyForDeploymentPostprocessing = 0;
			shellPath = /bin/sh;
			shellScript = "diff \"${PODS_ROOT}/../Podfile.lock\" \"${PODS_ROOT}/Manifest.lock\" > /dev/null\nif [[ $? != 0 ]] ; then\n    cat << EOM\nerror: The sandbox is not in sync with the Podfile.lock. Run 'pod install' or update your CocoaPods installation.\nEOM\n    exit 1\nfi\n";
			showEnvVarsInLog = 0;
		};
		4D4BD76B058DD226C25129B2 /* [CP] Copy Pods Resources */ = {
			isa = PBXShellScriptBuildPhase;
			buildActionMask = 2147483647;
			files = (
			);
			inputPaths = (
			);
			name = "[CP] Copy Pods Resources";
			outputPaths = (
			);
			runOnlyForDeploymentPostprocessing = 0;
			shellPath = /bin/sh;
			shellScript = "\"${SRCROOT}/Pods/Target Support Files/Pods-LXC/Pods-LXC-resources.sh\"\n";
			showEnvVarsInLog = 0;
		};
		DD1E083C9077423A495B563C /* [CP] Embed Pods Frameworks */ = {
			isa = PBXShellScriptBuildPhase;
			buildActionMask = 2147483647;
			files = (
			);
			inputPaths = (
			);
			name = "[CP] Embed Pods Frameworks";
			outputPaths = (
			);
			runOnlyForDeploymentPostprocessing = 0;
			shellPath = /bin/sh;
			shellScript = "\"${SRCROOT}/Pods/Target Support Files/Pods-LXC/Pods-LXC-frameworks.sh\"\n";
			showEnvVarsInLog = 0;
		};
/* End PBXShellScriptBuildPhase section */

/* Begin PBXSourcesBuildPhase section */
		7725920E1C7DEEF300000FBA /* Sources */ = {
			isa = PBXSourcesBuildPhase;
			buildActionMask = 2147483647;
			files = (
				771F259A1CC4D91200E88260 /* SnowView.swift in Sources */,
				77FB249D1CBCD3E20035DE3F /* LoginKey.swift in Sources */,
				777048831C9AA22D00A15A5B /* DigitalScale.swift in Sources */,
				77FB2C501CF2DC49009660C3 /* ScratchView.swift in Sources */,
				772773C01C9FD3B000A6ED72 /* ImageFilters.swift in Sources */,
				777D58041D475744007274BB /* SinaAPI.swift in Sources */,
				771F25AC1CC731C700E88260 /* NavBarAndTable.swift in Sources */,
				772103A51D4F2AB600F18546 /* TumblrNormalCell.swift in Sources */,
				777D58061D475F9F007274BB /* SinaTimeLine.swift in Sources */,
				772103851D4C9FE200F18546 /* LayoutManager.swift in Sources */,
				7724095C1CCDF61D00CAD6C1 /* CoreAnimationLearning.swift in Sources */,
				772773B51C9D452800A6ED72 /* QRCodeGenerator.swift in Sources */,
				777D58121D485AA8007274BB /* TumblrAPI.swift in Sources */,
				772592181C7DEEF300000FBA /* ViewController.swift in Sources */,
				77F8B10F1CDCA8FB0094ADA3 /* CACubic.swift in Sources */,
				7721036D1D4A059A00F18546 /* StringObject.swift in Sources */,
				77E312ED1CA9889300867373 /* IImagePickerAlbumAssets.swift in Sources */,
				771A53871C9BF68D00598BEE /* PhoneContactsList.swift in Sources */,
				771A538B1C9BFDCA00598BEE /* PhoneContactsCell.swift in Sources */,
				77D54AB61D42022F008B0A02 /* SinaUser.swift in Sources */,
				773E16981CEC1B7900D11762 /* QuartzLearning.swift in Sources */,
				776054A81CA4EF4C00EF3618 /* IImagePicker.swift in Sources */,
				77FB2C4E1CF2A697009660C3 /* CanvasView.swift in Sources */,
				772103A91D4F411D00F18546 /* TumblrNormalLayout.swift in Sources */,
				77F723931CA18EF300ABDADA /* WebExplorer.swift in Sources */,
				77F7238C1CA1217200ABDADA /* ImageFilterView.swift in Sources */,
				772409681CCE36AC00CAD6C1 /* CABackingImage.swift in Sources */,
				772773B91C9EACDA00A6ED72 /* QRCodeReader.swift in Sources */,
				77E312EF1CA988E800867373 /* IImageAlbumAssetCell.swift in Sources */,
				7777FB601D48AC1900D58607 /* TumblrPosts.swift in Sources */,
				77FB0EE21CB50B81003DD7B6 /* IImagePickerAssetPop.swift in Sources */,
				A135BFE21CD0FD8B00680D1F /* CATransform.swift in Sources */,
				7710CFA41CF5A86400DD2440 /* ScratchViewOne.swift in Sources */,
				77E11B6B1D34F811005F42F5 /* ReadVideoList.swift in Sources */,
				777D58021D474A30007274BB /* SinaContext.swift in Sources */,
				77FBFFF81D5388D70082E65A /* Extensions+UIViewController.swift in Sources */,
				772592371C7EFE3000000FBA /* VideoBackground.swift in Sources */,
				772103C11D509C7A00F18546 /* TumblrReblogEntry0.swift in Sources */,
				772316121D3CD24B004D06F1 /* SignInNormal.swift in Sources */,
				77E312EB1CA6891000867373 /* IImagePickerAlbum.swift in Sources */,
				777D58141D485AC4007274BB /* TumblrContext.swift in Sources */,
				7777FB551D48A75D00D58607 /* TumblrUser.swift in Sources */,
				77D277771CA2EF8600899043 /* TouchIdTest.swift in Sources */,
				77FB24911CBBC5E80035DE3F /* PinLocation.swift in Sources */,
				772103C31D50F7EC00F18546 /* TumblrTextEntry0.swift in Sources */,
				772773CC1CA03A7A00A6ED72 /* ImageFilterCell.swift in Sources */,
				7721038D1D4CABAE00F18546 /* Extensions+UIView.swift in Sources */,
				A135BFE01CCFB30100680D1F /* CAEffect.swift in Sources */,
				771F25AF1CC738D100E88260 /* ToolBox.swift in Sources */,
				772103721D4A09BD00F18546 /* ResponsePosts.swift in Sources */,
				772316141D3CD441004D06F1 /* ControllerJumper.swift in Sources */,
				772103D31D51E1B400F18546 /* TumblrVideoEntry0.swift in Sources */,
				772409661CCE146C00CAD6C1 /* CALayerTree.swift in Sources */,
				7700899F1C9BDA4900E6BCB9 /* GoodyItem.swift in Sources */,
				7791CC401CE1C4B000DE3132 /* CompressImage.swift in Sources */,
				77FB249B1CBCD32C0035DE3F /* LoginDBData.swift in Sources */,
				772592161C7DEEF300000FBA /* AppDelegate.swift in Sources */,
				7700899C1C9BB56400E6BCB9 /* GoodyListCell.swift in Sources */,
				777D58081D476378007274BB /* SinaStatus.swift in Sources */,
				773E16A31CEC499A00D11762 /* QuartzBase.swift in Sources */,
				77FB24A41CBCDC7B0035DE3F /* Extensions.swift in Sources */,
				770089991C9BB4ED00E6BCB9 /* GoodyList.swift in Sources */,
				771AE0F21C8048AE00AAF16F /* VideoPlaybackView.swift in Sources */,
				772103AB1D4F461000F18546 /* TumblrNameEntry0.swift in Sources */,
				772103A71D4F2B4400F18546 /* TumblrImageEntry0.swift in Sources */,
				7791CC281CE0934300DE3132 /* CASpecialLayer.swift in Sources */,
				772103D61D52514700F18546 /* TumblrToolBarEntry0.swift in Sources */,
				772409721CCF4DAC00CAD6C1 /* ParentController.swift in Sources */,
				772409621CCE117500CAD6C1 /* CoreAnimationList.swift in Sources */,
				7777FB7C1D49E4D300D58607 /* TumblrPost.swift in Sources */,
				77E312E91CA683FA00867373 /* IImageAlbumCell.swift in Sources */,
			);
			runOnlyForDeploymentPostprocessing = 0;
		};
/* End PBXSourcesBuildPhase section */

/* Begin PBXVariantGroup section */
		772592191C7DEEF300000FBA /* Main.storyboard */ = {
			isa = PBXVariantGroup;
			children = (
				7725921A1C7DEEF300000FBA /* Base */,
			);
			name = Main.storyboard;
			sourceTree = "<group>";
		};
		7725921E1C7DEEF300000FBA /* LaunchScreen.storyboard */ = {
			isa = PBXVariantGroup;
			children = (
				7725921F1C7DEEF300000FBA /* Base */,
			);
			name = LaunchScreen.storyboard;
			sourceTree = "<group>";
		};
/* End PBXVariantGroup section */

/* Begin XCBuildConfiguration section */
		772592221C7DEEF300000FBA /* Debug */ = {
			isa = XCBuildConfiguration;
			buildSettings = {
				ALWAYS_SEARCH_USER_PATHS = NO;
				CLANG_CXX_LANGUAGE_STANDARD = "gnu++0x";
				CLANG_CXX_LIBRARY = "libc++";
				CLANG_ENABLE_MODULES = YES;
				CLANG_ENABLE_OBJC_ARC = YES;
				CLANG_WARN_BOOL_CONVERSION = YES;
				CLANG_WARN_CONSTANT_CONVERSION = YES;
				CLANG_WARN_DIRECT_OBJC_ISA_USAGE = YES_ERROR;
				CLANG_WARN_EMPTY_BODY = YES;
				CLANG_WARN_ENUM_CONVERSION = YES;
				CLANG_WARN_INT_CONVERSION = YES;
				CLANG_WARN_OBJC_ROOT_CLASS = YES_ERROR;
				CLANG_WARN_UNREACHABLE_CODE = YES;
				CLANG_WARN__DUPLICATE_METHOD_MATCH = YES;
				"CODE_SIGN_IDENTITY[sdk=iphoneos*]" = "iPhone Developer";
				COPY_PHASE_STRIP = NO;
				DEBUG_INFORMATION_FORMAT = dwarf;
				ENABLE_STRICT_OBJC_MSGSEND = YES;
				ENABLE_TESTABILITY = YES;
				GCC_C_LANGUAGE_STANDARD = gnu99;
				GCC_DYNAMIC_NO_PIC = NO;
				GCC_NO_COMMON_BLOCKS = YES;
				GCC_OPTIMIZATION_LEVEL = 0;
				GCC_PREPROCESSOR_DEFINITIONS = (
					"DEBUG=1",
					"$(inherited)",
				);
				GCC_WARN_64_TO_32_BIT_CONVERSION = YES;
				GCC_WARN_ABOUT_RETURN_TYPE = YES_ERROR;
				GCC_WARN_UNDECLARED_SELECTOR = YES;
				GCC_WARN_UNINITIALIZED_AUTOS = YES_AGGRESSIVE;
				GCC_WARN_UNUSED_FUNCTION = YES;
				GCC_WARN_UNUSED_VARIABLE = YES;
				IPHONEOS_DEPLOYMENT_TARGET = 9.2;
				MTL_ENABLE_DEBUG_INFO = YES;
				ONLY_ACTIVE_ARCH = YES;
				SDKROOT = iphoneos;
				SWIFT_OPTIMIZATION_LEVEL = "-Onone";
			};
			name = Debug;
		};
		772592231C7DEEF300000FBA /* Release */ = {
			isa = XCBuildConfiguration;
			buildSettings = {
				ALWAYS_SEARCH_USER_PATHS = NO;
				CLANG_CXX_LANGUAGE_STANDARD = "gnu++0x";
				CLANG_CXX_LIBRARY = "libc++";
				CLANG_ENABLE_MODULES = YES;
				CLANG_ENABLE_OBJC_ARC = YES;
				CLANG_WARN_BOOL_CONVERSION = YES;
				CLANG_WARN_CONSTANT_CONVERSION = YES;
				CLANG_WARN_DIRECT_OBJC_ISA_USAGE = YES_ERROR;
				CLANG_WARN_EMPTY_BODY = YES;
				CLANG_WARN_ENUM_CONVERSION = YES;
				CLANG_WARN_INT_CONVERSION = YES;
				CLANG_WARN_OBJC_ROOT_CLASS = YES_ERROR;
				CLANG_WARN_UNREACHABLE_CODE = YES;
				CLANG_WARN__DUPLICATE_METHOD_MATCH = YES;
				"CODE_SIGN_IDENTITY[sdk=iphoneos*]" = "iPhone Developer";
				COPY_PHASE_STRIP = NO;
				DEBUG_INFORMATION_FORMAT = "dwarf-with-dsym";
				ENABLE_NS_ASSERTIONS = NO;
				ENABLE_STRICT_OBJC_MSGSEND = YES;
				GCC_C_LANGUAGE_STANDARD = gnu99;
				GCC_NO_COMMON_BLOCKS = YES;
				GCC_WARN_64_TO_32_BIT_CONVERSION = YES;
				GCC_WARN_ABOUT_RETURN_TYPE = YES_ERROR;
				GCC_WARN_UNDECLARED_SELECTOR = YES;
				GCC_WARN_UNINITIALIZED_AUTOS = YES_AGGRESSIVE;
				GCC_WARN_UNUSED_FUNCTION = YES;
				GCC_WARN_UNUSED_VARIABLE = YES;
				IPHONEOS_DEPLOYMENT_TARGET = 9.2;
				MTL_ENABLE_DEBUG_INFO = NO;
				SDKROOT = iphoneos;
				VALIDATE_PRODUCT = YES;
			};
			name = Release;
		};
		772592251C7DEEF300000FBA /* Debug */ = {
			isa = XCBuildConfiguration;
			baseConfigurationReference = 305C895388FDC6969B29CFE4 /* Pods-LXC.debug.xcconfig */;
			buildSettings = {
				ASSETCATALOG_COMPILER_APPICON_NAME = AppIcon;
				CLANG_ENABLE_MODULES = YES;
				CODE_SIGN_IDENTITY = "iPhone Developer";
				"CODE_SIGN_IDENTITY[sdk=iphoneos*]" = "iPhone Developer";
				GCC_PREPROCESSOR_DEFINITIONS = "$(inherited)";
				INFOPLIST_FILE = LXC/Info.plist;
				IPHONEOS_DEPLOYMENT_TARGET = 9.0;
				LD_RUNPATH_SEARCH_PATHS = "$(inherited) @executable_path/Frameworks";
				PRODUCT_BUNDLE_IDENTIFIER = lee.goody;
				PRODUCT_NAME = "$(TARGET_NAME)";
				PROVISIONING_PROFILE = "";
				SWIFT_OBJC_BRIDGING_HEADER = "LXC/LXC-Bridging-Header.h";
				SWIFT_OPTIMIZATION_LEVEL = "-Onone";
			};
			name = Debug;
		};
		772592261C7DEEF300000FBA /* Release */ = {
			isa = XCBuildConfiguration;
			baseConfigurationReference = 7375A9615F66D56F7898F37A /* Pods-LXC.release.xcconfig */;
			buildSettings = {
				ASSETCATALOG_COMPILER_APPICON_NAME = AppIcon;
				CLANG_ENABLE_MODULES = YES;
				CODE_SIGN_IDENTITY = "iPhone Developer";
				"CODE_SIGN_IDENTITY[sdk=iphoneos*]" = "iPhone Developer";
				GCC_PREPROCESSOR_DEFINITIONS = "$(inherited)";
				INFOPLIST_FILE = LXC/Info.plist;
				IPHONEOS_DEPLOYMENT_TARGET = 9.0;
				LD_RUNPATH_SEARCH_PATHS = "$(inherited) @executable_path/Frameworks";
				PRODUCT_BUNDLE_IDENTIFIER = lee.goody;
				PRODUCT_NAME = "$(TARGET_NAME)";
				PROVISIONING_PROFILE = "";
				SWIFT_OBJC_BRIDGING_HEADER = "LXC/LXC-Bridging-Header.h";
			};
			name = Release;
		};
/* End XCBuildConfiguration section */

/* Begin XCConfigurationList section */
		7725920D1C7DEEF300000FBA /* Build configuration list for PBXProject "LXC" */ = {
			isa = XCConfigurationList;
			buildConfigurations = (
				772592221C7DEEF300000FBA /* Debug */,
				772592231C7DEEF300000FBA /* Release */,
			);
			defaultConfigurationIsVisible = 0;
			defaultConfigurationName = Release;
		};
		772592241C7DEEF300000FBA /* Build configuration list for PBXNativeTarget "LXC" */ = {
			isa = XCConfigurationList;
			buildConfigurations = (
				772592251C7DEEF300000FBA /* Debug */,
				772592261C7DEEF300000FBA /* Release */,
			);
			defaultConfigurationIsVisible = 0;
			defaultConfigurationName = Release;
		};
/* End XCConfigurationList section */
	};
	rootObject = 7725920A1C7DEEF300000FBA /* Project object */;
}
